
Microsoft Visual Studio Solution File, Format Version 12.00
# Visual Studio Version 16
VisualStudioVersion = 16.0.30406.217
MinimumVisualStudioVersion = 10.0.40219.1
Project("{FAE04EC0-301F-11D3-BF4B-00C04F79EFBC}") = "AvisFormationCore.UI", "AvisFormationCore.UI\AvisFormationCore.UI.csproj", "{66E852C5-68FD-4ACD-A4E1-99C9836225DE}"
EndProject
Project("{FAE04EC0-301F-11D3-BF4B-00C04F79EFBC}") = "Data", "Data\Data.csproj", "{85937B81-C092-4592-A0AC-5E5F2EA90888}"
EndProject
Global
	GlobalSection(SolutionConfigurationPlatforms) = preSolution
		Debug|Any CPU = Debug|Any CPU
		Release|Any CPU = Release|Any CPU
	EndGlobalSection
	GlobalSection(ProjectConfigurationPlatforms) = postSolution
		{66E852C5-68FD-4ACD-A4E1-99C9836225DE}.Debug|Any CPU.ActiveCfg = Debug|Any CPU
		{66E852C5-68FD-4ACD-A4E1-99C9836225DE}.Debug|Any CPU.Build.0 = Debug|Any CPU
		{66E852C5-68FD-4ACD-A4E1-99C9836225DE}.Release|Any CPU.ActiveCfg = Release|Any CPU
		{66E852C5-68FD-4ACD-A4E1-99C9836225DE}.Release|Any CPU.Build.0 = Release|Any CPU
		{85937B81-C092-4592-A0AC-5E5F2EA90888}.Debug|Any CPU.ActiveCfg = Debug|Any CPU
		{85937B81-C092-4592-A0AC-5E5F2EA90888}.Debug|Any CPU.Build.0 = Debug|Any CPU
		{85937B81-C092-4592-A0AC-5E5F2EA90888}.Release|Any CPU.ActiveCfg = Release|Any CPU
		{85937B81-C092-4592-A0AC-5E5F2EA90888}.Release|Any CPU.Build.0 = Release|Any CPU
	EndGlobalSection
	GlobalSection(SolutionProperties) = preSolution
		HideSolutionNode = FALSE
	EndGlobalSection
	GlobalSection(ExtensibilityGlobals) = postSolution
		SolutionGuid = {9DCEF2A3-47FD-4C02-9E4F-C205DDB985AC}
	EndGlobalSection
EndGlobal
